// !$*UTF8*$!
{
	archiveVersion = 1;
	classes = {
	};
	objectVersion = 48;
	objects = {

/* Begin PBXBuildFile section */
		186C7225388DE9F244B17140 /* Pods_JustGoWithIt.framework in Frameworks */ = {isa = PBXBuildFile; fileRef = FF09C4512D91544814CFB45D /* Pods_JustGoWithIt.framework */; };
		862EF6C2207D0BAC005D268B /* BuilderViewController.swift in Sources */ = {isa = PBXBuildFile; fileRef = 862EF6C1207D0BAC005D268B /* BuilderViewController.swift */; };
		862FBB4020C80FA20078D689 /* MyTrip.storyboard in Resources */ = {isa = PBXBuildFile; fileRef = 862FBB3F20C80FA20078D689 /* MyTrip.storyboard */; };
		863C736220C7546F0054C49A /* TripCollectionViewCell.swift in Sources */ = {isa = PBXBuildFile; fileRef = 863C736020C7546F0054C49A /* TripCollectionViewCell.swift */; };
		863C736320C7546F0054C49A /* TripCollectionViewCell.xib in Resources */ = {isa = PBXBuildFile; fileRef = 863C736120C7546F0054C49A /* TripCollectionViewCell.xib */; };
		863E26E5207FA1C000029FF4 /* GooglePhotoManager.swift in Sources */ = {isa = PBXBuildFile; fileRef = 863E26E4207FA1C000029FF4 /* GooglePhotoManager.swift */; };
		863E26E7207FFDBD00029FF4 /* LocationManager.swift in Sources */ = {isa = PBXBuildFile; fileRef = 863E26E6207FFDBD00029FF4 /* LocationManager.swift */; };
		864F67E0207E823200B6554B /* Builder.storyboard in Resources */ = {isa = PBXBuildFile; fileRef = 864F67DF207E823200B6554B /* Builder.storyboard */; };
		864F67E2207EACD500B6554B /* Models.swift in Sources */ = {isa = PBXBuildFile; fileRef = 864F67E1207EACD500B6554B /* Models.swift */; };
		86A895A22019917D00CE3926 /* AppDelegate.swift in Sources */ = {isa = PBXBuildFile; fileRef = 86A895A12019917D00CE3926 /* AppDelegate.swift */; };
		86A895A42019917D00CE3926 /* TripViewController.swift in Sources */ = {isa = PBXBuildFile; fileRef = 86A895A32019917D00CE3926 /* TripViewController.swift */; };
		86A895A72019917D00CE3926 /* Main.storyboard in Resources */ = {isa = PBXBuildFile; fileRef = 86A895A52019917D00CE3926 /* Main.storyboard */; };
		86A895A92019917D00CE3926 /* Assets.xcassets in Resources */ = {isa = PBXBuildFile; fileRef = 86A895A82019917D00CE3926 /* Assets.xcassets */; };
		86A895AC2019917D00CE3926 /* LaunchScreen.storyboard in Resources */ = {isa = PBXBuildFile; fileRef = 86A895AA2019917D00CE3926 /* LaunchScreen.storyboard */; };
		86A895B42019922E00CE3926 /* ListHeader.xib in Resources */ = {isa = PBXBuildFile; fileRef = 86A895B32019922E00CE3926 /* ListHeader.xib */; };
		86A895B6201992AE00CE3926 /* ListHeader.swift in Sources */ = {isa = PBXBuildFile; fileRef = 86A895B5201992AE00CE3926 /* ListHeader.swift */; };
		86B5A8D920C95F5C00B24F43 /* RealmManager.swift in Sources */ = {isa = PBXBuildFile; fileRef = 86B5A8D820C95F5C00B24F43 /* RealmManager.swift */; };
		86B5D47420C74F8500A851DE /* MyTripsViewController.swift in Sources */ = {isa = PBXBuildFile; fileRef = 86B5D47320C74F8500A851DE /* MyTripsViewController.swift */; };
		86B75C40205950A200D53F90 /* GooglePlaces.framework in Frameworks */ = {isa = PBXBuildFile; fileRef = 86B75C3F205950A200D53F90 /* GooglePlaces.framework */; };
		86B75C42205950B200D53F90 /* GoogleMapsBase.framework in Frameworks */ = {isa = PBXBuildFile; fileRef = 86B75C41205950B200D53F90 /* GoogleMapsBase.framework */; };
		86B75C452059511700D53F90 /* Accelerate.framework in Frameworks */ = {isa = PBXBuildFile; fileRef = 86B75C442059511700D53F90 /* Accelerate.framework */; };
		86B75C472059512300D53F90 /* CoreData.framework in Frameworks */ = {isa = PBXBuildFile; fileRef = 86B75C462059512300D53F90 /* CoreData.framework */; };
		86B75C492059512A00D53F90 /* CoreGraphics.framework in Frameworks */ = {isa = PBXBuildFile; fileRef = 86B75C482059512A00D53F90 /* CoreGraphics.framework */; };
		86B75C4B2059513500D53F90 /* CoreImage.framework in Frameworks */ = {isa = PBXBuildFile; fileRef = 86B75C4A2059513500D53F90 /* CoreImage.framework */; };
		86B75C4D2059513E00D53F90 /* CoreLocation.framework in Frameworks */ = {isa = PBXBuildFile; fileRef = 86B75C4C2059513E00D53F90 /* CoreLocation.framework */; };
		86B75C4F2059514900D53F90 /* CoreTelephony.framework in Frameworks */ = {isa = PBXBuildFile; fileRef = 86B75C4E2059514900D53F90 /* CoreTelephony.framework */; };
		86B75C512059514E00D53F90 /* CoreText.framework in Frameworks */ = {isa = PBXBuildFile; fileRef = 86B75C502059514E00D53F90 /* CoreText.framework */; };
		86B75C532059515B00D53F90 /* GLKit.framework in Frameworks */ = {isa = PBXBuildFile; fileRef = 86B75C522059515B00D53F90 /* GLKit.framework */; };
		86B75C552059516100D53F90 /* ImageIO.framework in Frameworks */ = {isa = PBXBuildFile; fileRef = 86B75C542059516100D53F90 /* ImageIO.framework */; };
		86B75C572059517400D53F90 /* libc++.tbd in Frameworks */ = {isa = PBXBuildFile; fileRef = 86B75C562059517400D53F90 /* libc++.tbd */; };
		86B75C592059517F00D53F90 /* libz.tbd in Frameworks */ = {isa = PBXBuildFile; fileRef = 86B75C582059517F00D53F90 /* libz.tbd */; };
		86B75C5B2059518900D53F90 /* OpenGLES.framework in Frameworks */ = {isa = PBXBuildFile; fileRef = 86B75C5A2059518900D53F90 /* OpenGLES.framework */; };
		86B75C5D2059518F00D53F90 /* QuartzCore.framework in Frameworks */ = {isa = PBXBuildFile; fileRef = 86B75C5C2059518F00D53F90 /* QuartzCore.framework */; };
		86B75C5F2059519900D53F90 /* SystemConfiguration.framework in Frameworks */ = {isa = PBXBuildFile; fileRef = 86B75C5E2059519900D53F90 /* SystemConfiguration.framework */; };
		86B75C612059519E00D53F90 /* UIKit.framework in Frameworks */ = {isa = PBXBuildFile; fileRef = 86B75C602059519E00D53F90 /* UIKit.framework */; };
		86B7EB14208F8BF100B2B2A2 /* PhotoCollectionViewCell.swift in Sources */ = {isa = PBXBuildFile; fileRef = 86B7EB12208F8BF100B2B2A2 /* PhotoCollectionViewCell.swift */; };
		86B7EB15208F8BF100B2B2A2 /* PhotoCollectionViewCell.xib in Resources */ = {isa = PBXBuildFile; fileRef = 86B7EB13208F8BF100B2B2A2 /* PhotoCollectionViewCell.xib */; };
		86CA2C0520199A6500A0D770 /* ListTableViewCell.swift in Sources */ = {isa = PBXBuildFile; fileRef = 86CA2C0320199A6500A0D770 /* ListTableViewCell.swift */; };
		86CA2C0620199A6500A0D770 /* ListTableViewCell.xib in Resources */ = {isa = PBXBuildFile; fileRef = 86CA2C0420199A6500A0D770 /* ListTableViewCell.xib */; };
		86CA2C08201D0FFC00A0D770 /* MenuViewController.swift in Sources */ = {isa = PBXBuildFile; fileRef = 86CA2C07201D0FFC00A0D770 /* MenuViewController.swift */; };
		86CA2C0D20226CB400A0D770 /* CalendarViewController.swift in Sources */ = {isa = PBXBuildFile; fileRef = 86CA2C0B20226CB400A0D770 /* CalendarViewController.swift */; };
		86CA2C0E20226CB400A0D770 /* CalendarViewController.xib in Resources */ = {isa = PBXBuildFile; fileRef = 86CA2C0C20226CB400A0D770 /* CalendarViewController.xib */; };
		86FC567D20A1E9A100D9BB00 /* PlaceModalViewController.swift in Sources */ = {isa = PBXBuildFile; fileRef = 86FC567B20A1E9A100D9BB00 /* PlaceModalViewController.swift */; };
/* End PBXBuildFile section */

/* Begin PBXFileReference section */
		1F520DA6DB0379C82D7EF55A /* Pods-JustGoWithIt.release.xcconfig */ = {isa = PBXFileReference; includeInIndex = 1; lastKnownFileType = text.xcconfig; name = "Pods-JustGoWithIt.release.xcconfig"; path = "Pods/Target Support Files/Pods-JustGoWithIt/Pods-JustGoWithIt.release.xcconfig"; sourceTree = "<group>"; };
		294D1F28DC78E5ED9B495AB9 /* Pods-JustGoWithIt.debug.xcconfig */ = {isa = PBXFileReference; includeInIndex = 1; lastKnownFileType = text.xcconfig; name = "Pods-JustGoWithIt.debug.xcconfig"; path = "Pods/Target Support Files/Pods-JustGoWithIt/Pods-JustGoWithIt.debug.xcconfig"; sourceTree = "<group>"; };
		862EF6C1207D0BAC005D268B /* BuilderViewController.swift */ = {isa = PBXFileReference; lastKnownFileType = sourcecode.swift; path = BuilderViewController.swift; sourceTree = "<group>"; };
		862FBB3F20C80FA20078D689 /* MyTrip.storyboard */ = {isa = PBXFileReference; lastKnownFileType = file.storyboard; path = MyTrip.storyboard; sourceTree = "<group>"; };
		863C736020C7546F0054C49A /* TripCollectionViewCell.swift */ = {isa = PBXFileReference; lastKnownFileType = sourcecode.swift; path = TripCollectionViewCell.swift; sourceTree = "<group>"; };
		863C736120C7546F0054C49A /* TripCollectionViewCell.xib */ = {isa = PBXFileReference; lastKnownFileType = file.xib; path = TripCollectionViewCell.xib; sourceTree = "<group>"; };
		863E26E4207FA1C000029FF4 /* GooglePhotoManager.swift */ = {isa = PBXFileReference; lastKnownFileType = sourcecode.swift; path = GooglePhotoManager.swift; sourceTree = "<group>"; };
		863E26E6207FFDBD00029FF4 /* LocationManager.swift */ = {isa = PBXFileReference; lastKnownFileType = sourcecode.swift; path = LocationManager.swift; sourceTree = "<group>"; };
		864F67DF207E823200B6554B /* Builder.storyboard */ = {isa = PBXFileReference; lastKnownFileType = file.storyboard; path = Builder.storyboard; sourceTree = "<group>"; };
		864F67E1207EACD500B6554B /* Models.swift */ = {isa = PBXFileReference; lastKnownFileType = sourcecode.swift; path = Models.swift; sourceTree = "<group>"; };
		86A8959E2019917D00CE3926 /* JustGoWithIt.app */ = {isa = PBXFileReference; explicitFileType = wrapper.application; includeInIndex = 0; path = JustGoWithIt.app; sourceTree = BUILT_PRODUCTS_DIR; };
		86A895A12019917D00CE3926 /* AppDelegate.swift */ = {isa = PBXFileReference; lastKnownFileType = sourcecode.swift; path = AppDelegate.swift; sourceTree = "<group>"; };
		86A895A32019917D00CE3926 /* TripViewController.swift */ = {isa = PBXFileReference; lastKnownFileType = sourcecode.swift; path = TripViewController.swift; sourceTree = "<group>"; };
		86A895A62019917D00CE3926 /* Base */ = {isa = PBXFileReference; lastKnownFileType = file.storyboard; name = Base; path = Base.lproj/Main.storyboard; sourceTree = "<group>"; };
		86A895A82019917D00CE3926 /* Assets.xcassets */ = {isa = PBXFileReference; lastKnownFileType = folder.assetcatalog; path = Assets.xcassets; sourceTree = "<group>"; };
		86A895AB2019917D00CE3926 /* Base */ = {isa = PBXFileReference; lastKnownFileType = file.storyboard; name = Base; path = Base.lproj/LaunchScreen.storyboard; sourceTree = "<group>"; };
		86A895AD2019917D00CE3926 /* Info.plist */ = {isa = PBXFileReference; lastKnownFileType = text.plist.xml; path = Info.plist; sourceTree = "<group>"; };
		86A895B32019922E00CE3926 /* ListHeader.xib */ = {isa = PBXFileReference; lastKnownFileType = file.xib; path = ListHeader.xib; sourceTree = "<group>"; };
		86A895B5201992AE00CE3926 /* ListHeader.swift */ = {isa = PBXFileReference; lastKnownFileType = sourcecode.swift; path = ListHeader.swift; sourceTree = "<group>"; };
		86B5A8D820C95F5C00B24F43 /* RealmManager.swift */ = {isa = PBXFileReference; lastKnownFileType = sourcecode.swift; path = RealmManager.swift; sourceTree = "<group>"; };
		86B5D47320C74F8500A851DE /* MyTripsViewController.swift */ = {isa = PBXFileReference; lastKnownFileType = sourcecode.swift; path = MyTripsViewController.swift; sourceTree = "<group>"; };
		86B75C3F205950A200D53F90 /* GooglePlaces.framework */ = {isa = PBXFileReference; lastKnownFileType = wrapper.framework; path = GooglePlaces.framework; sourceTree = "<group>"; };
		86B75C41205950B200D53F90 /* GoogleMapsBase.framework */ = {isa = PBXFileReference; lastKnownFileType = wrapper.framework; path = GoogleMapsBase.framework; sourceTree = "<group>"; };
		86B75C442059511700D53F90 /* Accelerate.framework */ = {isa = PBXFileReference; lastKnownFileType = wrapper.framework; name = Accelerate.framework; path = System/Library/Frameworks/Accelerate.framework; sourceTree = SDKROOT; };
		86B75C462059512300D53F90 /* CoreData.framework */ = {isa = PBXFileReference; lastKnownFileType = wrapper.framework; name = CoreData.framework; path = System/Library/Frameworks/CoreData.framework; sourceTree = SDKROOT; };
		86B75C482059512A00D53F90 /* CoreGraphics.framework */ = {isa = PBXFileReference; lastKnownFileType = wrapper.framework; name = CoreGraphics.framework; path = System/Library/Frameworks/CoreGraphics.framework; sourceTree = SDKROOT; };
		86B75C4A2059513500D53F90 /* CoreImage.framework */ = {isa = PBXFileReference; lastKnownFileType = wrapper.framework; name = CoreImage.framework; path = System/Library/Frameworks/CoreImage.framework; sourceTree = SDKROOT; };
		86B75C4C2059513E00D53F90 /* CoreLocation.framework */ = {isa = PBXFileReference; lastKnownFileType = wrapper.framework; name = CoreLocation.framework; path = System/Library/Frameworks/CoreLocation.framework; sourceTree = SDKROOT; };
		86B75C4E2059514900D53F90 /* CoreTelephony.framework */ = {isa = PBXFileReference; lastKnownFileType = wrapper.framework; name = CoreTelephony.framework; path = System/Library/Frameworks/CoreTelephony.framework; sourceTree = SDKROOT; };
		86B75C502059514E00D53F90 /* CoreText.framework */ = {isa = PBXFileReference; lastKnownFileType = wrapper.framework; name = CoreText.framework; path = System/Library/Frameworks/CoreText.framework; sourceTree = SDKROOT; };
		86B75C522059515B00D53F90 /* GLKit.framework */ = {isa = PBXFileReference; lastKnownFileType = wrapper.framework; name = GLKit.framework; path = System/Library/Frameworks/GLKit.framework; sourceTree = SDKROOT; };
		86B75C542059516100D53F90 /* ImageIO.framework */ = {isa = PBXFileReference; lastKnownFileType = wrapper.framework; name = ImageIO.framework; path = System/Library/Frameworks/ImageIO.framework; sourceTree = SDKROOT; };
		86B75C562059517400D53F90 /* libc++.tbd */ = {isa = PBXFileReference; lastKnownFileType = "sourcecode.text-based-dylib-definition"; name = "libc++.tbd"; path = "usr/lib/libc++.tbd"; sourceTree = SDKROOT; };
		86B75C582059517F00D53F90 /* libz.tbd */ = {isa = PBXFileReference; lastKnownFileType = "sourcecode.text-based-dylib-definition"; name = libz.tbd; path = usr/lib/libz.tbd; sourceTree = SDKROOT; };
		86B75C5A2059518900D53F90 /* OpenGLES.framework */ = {isa = PBXFileReference; lastKnownFileType = wrapper.framework; name = OpenGLES.framework; path = System/Library/Frameworks/OpenGLES.framework; sourceTree = SDKROOT; };
		86B75C5C2059518F00D53F90 /* QuartzCore.framework */ = {isa = PBXFileReference; lastKnownFileType = wrapper.framework; name = QuartzCore.framework; path = System/Library/Frameworks/QuartzCore.framework; sourceTree = SDKROOT; };
		86B75C5E2059519900D53F90 /* SystemConfiguration.framework */ = {isa = PBXFileReference; lastKnownFileType = wrapper.framework; name = SystemConfiguration.framework; path = System/Library/Frameworks/SystemConfiguration.framework; sourceTree = SDKROOT; };
		86B75C602059519E00D53F90 /* UIKit.framework */ = {isa = PBXFileReference; lastKnownFileType = wrapper.framework; name = UIKit.framework; path = System/Library/Frameworks/UIKit.framework; sourceTree = SDKROOT; };
		86B7EB12208F8BF100B2B2A2 /* PhotoCollectionViewCell.swift */ = {isa = PBXFileReference; lastKnownFileType = sourcecode.swift; path = PhotoCollectionViewCell.swift; sourceTree = "<group>"; };
		86B7EB13208F8BF100B2B2A2 /* PhotoCollectionViewCell.xib */ = {isa = PBXFileReference; lastKnownFileType = file.xib; path = PhotoCollectionViewCell.xib; sourceTree = "<group>"; };
		86CA2C0320199A6500A0D770 /* ListTableViewCell.swift */ = {isa = PBXFileReference; lastKnownFileType = sourcecode.swift; path = ListTableViewCell.swift; sourceTree = "<group>"; };
		86CA2C0420199A6500A0D770 /* ListTableViewCell.xib */ = {isa = PBXFileReference; lastKnownFileType = file.xib; path = ListTableViewCell.xib; sourceTree = "<group>"; };
		86CA2C07201D0FFC00A0D770 /* MenuViewController.swift */ = {isa = PBXFileReference; lastKnownFileType = sourcecode.swift; path = MenuViewController.swift; sourceTree = "<group>"; };
		86CA2C0B20226CB400A0D770 /* CalendarViewController.swift */ = {isa = PBXFileReference; lastKnownFileType = sourcecode.swift; path = CalendarViewController.swift; sourceTree = "<group>"; };
		86CA2C0C20226CB400A0D770 /* CalendarViewController.xib */ = {isa = PBXFileReference; lastKnownFileType = file.xib; path = CalendarViewController.xib; sourceTree = "<group>"; };
		86FC567B20A1E9A100D9BB00 /* PlaceModalViewController.swift */ = {isa = PBXFileReference; lastKnownFileType = sourcecode.swift; path = PlaceModalViewController.swift; sourceTree = "<group>"; };
		FF09C4512D91544814CFB45D /* Pods_JustGoWithIt.framework */ = {isa = PBXFileReference; explicitFileType = wrapper.framework; includeInIndex = 0; path = Pods_JustGoWithIt.framework; sourceTree = BUILT_PRODUCTS_DIR; };
/* End PBXFileReference section */

/* Begin PBXFrameworksBuildPhase section */
		86A8959B2019917D00CE3926 /* Frameworks */ = {
			isa = PBXFrameworksBuildPhase;
			buildActionMask = 2147483647;
			files = (
				86B75C612059519E00D53F90 /* UIKit.framework in Frameworks */,
				86B75C5F2059519900D53F90 /* SystemConfiguration.framework in Frameworks */,
				86B75C5D2059518F00D53F90 /* QuartzCore.framework in Frameworks */,
				86B75C5B2059518900D53F90 /* OpenGLES.framework in Frameworks */,
				86B75C592059517F00D53F90 /* libz.tbd in Frameworks */,
				86B75C572059517400D53F90 /* libc++.tbd in Frameworks */,
				86B75C552059516100D53F90 /* ImageIO.framework in Frameworks */,
				86B75C532059515B00D53F90 /* GLKit.framework in Frameworks */,
				86B75C512059514E00D53F90 /* CoreText.framework in Frameworks */,
				86B75C4F2059514900D53F90 /* CoreTelephony.framework in Frameworks */,
				86B75C4D2059513E00D53F90 /* CoreLocation.framework in Frameworks */,
				86B75C4B2059513500D53F90 /* CoreImage.framework in Frameworks */,
				86B75C492059512A00D53F90 /* CoreGraphics.framework in Frameworks */,
				86B75C472059512300D53F90 /* CoreData.framework in Frameworks */,
				86B75C452059511700D53F90 /* Accelerate.framework in Frameworks */,
				86B75C40205950A200D53F90 /* GooglePlaces.framework in Frameworks */,
				86B75C42205950B200D53F90 /* GoogleMapsBase.framework in Frameworks */,
				186C7225388DE9F244B17140 /* Pods_JustGoWithIt.framework in Frameworks */,
			);
			runOnlyForDeploymentPostprocessing = 0;
		};
/* End PBXFrameworksBuildPhase section */

/* Begin PBXGroup section */
		86A895952019917D00CE3926 = {
			isa = PBXGroup;
			children = (
				86A895A02019917D00CE3926 /* JustGoWithIt */,
				86A8959F2019917D00CE3926 /* Products */,
				86B75C432059511700D53F90 /* Frameworks */,
				A7FC76D481DC4DB99073EB0B /* Pods */,
			);
			sourceTree = "<group>";
		};
		86A8959F2019917D00CE3926 /* Products */ = {
			isa = PBXGroup;
			children = (
				86A8959E2019917D00CE3926 /* JustGoWithIt.app */,
			);
			name = Products;
			sourceTree = "<group>";
		};
		86A895A02019917D00CE3926 /* JustGoWithIt */ = {
			isa = PBXGroup;
			children = (
				86A895A12019917D00CE3926 /* AppDelegate.swift */,
				86A895A52019917D00CE3926 /* Main.storyboard */,
				862FBB3F20C80FA20078D689 /* MyTrip.storyboard */,
				86B5D47320C74F8500A851DE /* MyTripsViewController.swift */,
				863C736120C7546F0054C49A /* TripCollectionViewCell.xib */,
				863C736020C7546F0054C49A /* TripCollectionViewCell.swift */,
				86B5D47220C5E46600A851DE /* TripBuilder */,
				86B5D47020C5BB0000A851DE /* TripView */,
				86B75C3F205950A200D53F90 /* GooglePlaces.framework */,
				86B75C41205950B200D53F90 /* GoogleMapsBase.framework */,
				86A895A82019917D00CE3926 /* Assets.xcassets */,
				86A895AA2019917D00CE3926 /* LaunchScreen.storyboard */,
				86A895AD2019917D00CE3926 /* Info.plist */,
				86CA2C07201D0FFC00A0D770 /* MenuViewController.swift */,
				86CA2C0B20226CB400A0D770 /* CalendarViewController.swift */,
				86CA2C0C20226CB400A0D770 /* CalendarViewController.xib */,
				864F67E1207EACD500B6554B /* Models.swift */,
				863E26E4207FA1C000029FF4 /* GooglePhotoManager.swift */,
				863E26E6207FFDBD00029FF4 /* LocationManager.swift */,
				86B5A8D820C95F5C00B24F43 /* RealmManager.swift */,
			);
			path = JustGoWithIt;
			sourceTree = "<group>";
		};
		86B5D47020C5BB0000A851DE /* TripView */ = {
			isa = PBXGroup;
			children = (
				86B5D47120C5CEDA00A851DE /* PlaceDetails */,
				86A895A32019917D00CE3926 /* TripViewController.swift */,
				86A895B32019922E00CE3926 /* ListHeader.xib */,
				86A895B5201992AE00CE3926 /* ListHeader.swift */,
				86CA2C0420199A6500A0D770 /* ListTableViewCell.xib */,
				86CA2C0320199A6500A0D770 /* ListTableViewCell.swift */,
			);
			path = TripView;
			sourceTree = "<group>";
		};
		86B5D47120C5CEDA00A851DE /* PlaceDetails */ = {
			isa = PBXGroup;
			children = (
				86B7EB13208F8BF100B2B2A2 /* PhotoCollectionViewCell.xib */,
				86B7EB12208F8BF100B2B2A2 /* PhotoCollectionViewCell.swift */,
				86FC567B20A1E9A100D9BB00 /* PlaceModalViewController.swift */,
			);
			path = PlaceDetails;
			sourceTree = "<group>";
		};
		86B5D47220C5E46600A851DE /* TripBuilder */ = {
			isa = PBXGroup;
			children = (
				864F67DF207E823200B6554B /* Builder.storyboard */,
				862EF6C1207D0BAC005D268B /* BuilderViewController.swift */,
			);
			path = TripBuilder;
			sourceTree = "<group>";
		};
		86B75C432059511700D53F90 /* Frameworks */ = {
			isa = PBXGroup;
			children = (
				86B75C602059519E00D53F90 /* UIKit.framework */,
				86B75C5E2059519900D53F90 /* SystemConfiguration.framework */,
				86B75C5C2059518F00D53F90 /* QuartzCore.framework */,
				86B75C5A2059518900D53F90 /* OpenGLES.framework */,
				86B75C582059517F00D53F90 /* libz.tbd */,
				86B75C562059517400D53F90 /* libc++.tbd */,
				86B75C542059516100D53F90 /* ImageIO.framework */,
				86B75C522059515B00D53F90 /* GLKit.framework */,
				86B75C502059514E00D53F90 /* CoreText.framework */,
				86B75C4E2059514900D53F90 /* CoreTelephony.framework */,
				86B75C4C2059513E00D53F90 /* CoreLocation.framework */,
				86B75C4A2059513500D53F90 /* CoreImage.framework */,
				86B75C482059512A00D53F90 /* CoreGraphics.framework */,
				86B75C462059512300D53F90 /* CoreData.framework */,
				86B75C442059511700D53F90 /* Accelerate.framework */,
				FF09C4512D91544814CFB45D /* Pods_JustGoWithIt.framework */,
			);
			name = Frameworks;
			sourceTree = "<group>";
		};
		A7FC76D481DC4DB99073EB0B /* Pods */ = {
			isa = PBXGroup;
			children = (
				294D1F28DC78E5ED9B495AB9 /* Pods-JustGoWithIt.debug.xcconfig */,
				1F520DA6DB0379C82D7EF55A /* Pods-JustGoWithIt.release.xcconfig */,
			);
			name = Pods;
			sourceTree = "<group>";
		};
/* End PBXGroup section */

/* Begin PBXNativeTarget section */
		86A8959D2019917D00CE3926 /* JustGoWithIt */ = {
			isa = PBXNativeTarget;
			buildConfigurationList = 86A895B02019917D00CE3926 /* Build configuration list for PBXNativeTarget "JustGoWithIt" */;
			buildPhases = (
				D13B7BFCF694F97C890BD4F2 /* [CP] Check Pods Manifest.lock */,
				86A8959A2019917D00CE3926 /* Sources */,
				86A8959B2019917D00CE3926 /* Frameworks */,
				86A8959C2019917D00CE3926 /* Resources */,
				55194F647C154365272D73BE /* [CP] Copy Pods Resources */,
				DA91C39055A89A5AB366111C /* [CP] Embed Pods Frameworks */,
			);
			buildRules = (
			);
			dependencies = (
			);
			name = JustGoWithIt;
			productName = JustGoWithIt;
			productReference = 86A8959E2019917D00CE3926 /* JustGoWithIt.app */;
			productType = "com.apple.product-type.application";
		};
/* End PBXNativeTarget section */

/* Begin PBXProject section */
		86A895962019917D00CE3926 /* Project object */ = {
			isa = PBXProject;
			attributes = {
				LastSwiftUpdateCheck = 0920;
				LastUpgradeCheck = 0920;
				ORGANIZATIONNAME = "Joseph, Ethan";
				TargetAttributes = {
					86A8959D2019917D00CE3926 = {
						CreatedOnToolsVersion = 9.2;
						ProvisioningStyle = Automatic;
					};
				};
			};
			buildConfigurationList = 86A895992019917D00CE3926 /* Build configuration list for PBXProject "JustGoWithIt" */;
			compatibilityVersion = "Xcode 8.0";
			developmentRegion = en;
			hasScannedForEncodings = 0;
			knownRegions = (
				en,
				Base,
			);
			mainGroup = 86A895952019917D00CE3926;
			productRefGroup = 86A8959F2019917D00CE3926 /* Products */;
			projectDirPath = "";
			projectRoot = "";
			targets = (
				86A8959D2019917D00CE3926 /* JustGoWithIt */,
			);
		};
/* End PBXProject section */

/* Begin PBXResourcesBuildPhase section */
		86A8959C2019917D00CE3926 /* Resources */ = {
			isa = PBXResourcesBuildPhase;
			buildActionMask = 2147483647;
			files = (
				86A895B42019922E00CE3926 /* ListHeader.xib in Resources */,
				86A895AC2019917D00CE3926 /* LaunchScreen.storyboard in Resources */,
				86CA2C0E20226CB400A0D770 /* CalendarViewController.xib in Resources */,
				86A895A92019917D00CE3926 /* Assets.xcassets in Resources */,
				86A895A72019917D00CE3926 /* Main.storyboard in Resources */,
				862FBB4020C80FA20078D689 /* MyTrip.storyboard in Resources */,
				86B7EB15208F8BF100B2B2A2 /* PhotoCollectionViewCell.xib in Resources */,
				864F67E0207E823200B6554B /* Builder.storyboard in Resources */,
				863C736320C7546F0054C49A /* TripCollectionViewCell.xib in Resources */,
				86CA2C0620199A6500A0D770 /* ListTableViewCell.xib in Resources */,
			);
			runOnlyForDeploymentPostprocessing = 0;
		};
/* End PBXResourcesBuildPhase section */

/* Begin PBXShellScriptBuildPhase section */
		55194F647C154365272D73BE /* [CP] Copy Pods Resources */ = {
			isa = PBXShellScriptBuildPhase;
			buildActionMask = 2147483647;
			files = (
			);
			inputPaths = (
				"${SRCROOT}/Pods/Target Support Files/Pods-JustGoWithIt/Pods-JustGoWithIt-resources.sh",
				"${PODS_ROOT}/GoogleMaps/Maps/Frameworks/GoogleMaps.framework/Resources/GoogleMaps.bundle",
				"${PODS_ROOT}/GooglePlaces/Frameworks/GooglePlaces.framework/Resources/GooglePlaces.bundle",
			);
			name = "[CP] Copy Pods Resources";
			outputPaths = (
				"${TARGET_BUILD_DIR}/${UNLOCALIZED_RESOURCES_FOLDER_PATH}/GoogleMaps.bundle",
				"${TARGET_BUILD_DIR}/${UNLOCALIZED_RESOURCES_FOLDER_PATH}/GooglePlaces.bundle",
			);
			runOnlyForDeploymentPostprocessing = 0;
			shellPath = /bin/sh;
			shellScript = "\"${SRCROOT}/Pods/Target Support Files/Pods-JustGoWithIt/Pods-JustGoWithIt-resources.sh\"\n";
			showEnvVarsInLog = 0;
		};
		D13B7BFCF694F97C890BD4F2 /* [CP] Check Pods Manifest.lock */ = {
			isa = PBXShellScriptBuildPhase;
			buildActionMask = 2147483647;
			files = (
			);
			inputPaths = (
				"${PODS_PODFILE_DIR_PATH}/Podfile.lock",
				"${PODS_ROOT}/Manifest.lock",
			);
			name = "[CP] Check Pods Manifest.lock";
			outputPaths = (
				"$(DERIVED_FILE_DIR)/Pods-JustGoWithIt-checkManifestLockResult.txt",
			);
			runOnlyForDeploymentPostprocessing = 0;
			shellPath = /bin/sh;
			shellScript = "diff \"${PODS_PODFILE_DIR_PATH}/Podfile.lock\" \"${PODS_ROOT}/Manifest.lock\" > /dev/null\nif [ $? != 0 ] ; then\n    # print error to STDERR\n    echo \"error: The sandbox is not in sync with the Podfile.lock. Run 'pod install' or update your CocoaPods installation.\" >&2\n    exit 1\nfi\n# This output is used by Xcode 'outputs' to avoid re-running this script phase.\necho \"SUCCESS\" > \"${SCRIPT_OUTPUT_FILE_0}\"\n";
			showEnvVarsInLog = 0;
		};
		DA91C39055A89A5AB366111C /* [CP] Embed Pods Frameworks */ = {
			isa = PBXShellScriptBuildPhase;
			buildActionMask = 2147483647;
			files = (
			);
			inputPaths = (
				"${SRCROOT}/Pods/Target Support Files/Pods-JustGoWithIt/Pods-JustGoWithIt-frameworks.sh",
				"${BUILT_PRODUCTS_DIR}/MDFInternationalization/MDFInternationalization.framework",
				"${BUILT_PRODUCTS_DIR}/MDFTextAccessibility/MDFTextAccessibility.framework",
				"${BUILT_PRODUCTS_DIR}/MaterialComponents/MaterialComponents.framework",
				"${BUILT_PRODUCTS_DIR}/Realm/Realm.framework",
				"${BUILT_PRODUCTS_DIR}/RealmSwift/RealmSwift.framework",
				"${BUILT_PRODUCTS_DIR}/SwiftyJSON/SwiftyJSON.framework",
			);
			name = "[CP] Embed Pods Frameworks";
			outputPaths = (
				"${TARGET_BUILD_DIR}/${FRAMEWORKS_FOLDER_PATH}/MDFInternationalization.framework",
				"${TARGET_BUILD_DIR}/${FRAMEWORKS_FOLDER_PATH}/MDFTextAccessibility.framework",
				"${TARGET_BUILD_DIR}/${FRAMEWORKS_FOLDER_PATH}/MaterialComponents.framework",
				"${TARGET_BUILD_DIR}/${FRAMEWORKS_FOLDER_PATH}/Realm.framework",
				"${TARGET_BUILD_DIR}/${FRAMEWORKS_FOLDER_PATH}/RealmSwift.framework",
				"${TARGET_BUILD_DIR}/${FRAMEWORKS_FOLDER_PATH}/SwiftyJSON.framework",
			);
			runOnlyForDeploymentPostprocessing = 0;
			shellPath = /bin/sh;
			shellScript = "\"${SRCROOT}/Pods/Target Support Files/Pods-JustGoWithIt/Pods-JustGoWithIt-frameworks.sh\"\n";
			showEnvVarsInLog = 0;
		};
/* End PBXShellScriptBuildPhase section */

/* Begin PBXSourcesBuildPhase section */
		86A8959A2019917D00CE3926 /* Sources */ = {
			isa = PBXSourcesBuildPhase;
			buildActionMask = 2147483647;
			files = (
				86CA2C0D20226CB400A0D770 /* CalendarViewController.swift in Sources */,
				86A895A42019917D00CE3926 /* TripViewController.swift in Sources */,
				86B5A8D920C95F5C00B24F43 /* RealmManager.swift in Sources */,
				863E26E7207FFDBD00029FF4 /* LocationManager.swift in Sources */,
				86CA2C08201D0FFC00A0D770 /* MenuViewController.swift in Sources */,
				864F67E2207EACD500B6554B /* Models.swift in Sources */,
				86CA2C0520199A6500A0D770 /* ListTableViewCell.swift in Sources */,
				862EF6C2207D0BAC005D268B /* BuilderViewController.swift in Sources */,
				86A895B6201992AE00CE3926 /* ListHeader.swift in Sources */,
				863E26E5207FA1C000029FF4 /* GooglePhotoManager.swift in Sources */,
				86B7EB14208F8BF100B2B2A2 /* PhotoCollectionViewCell.swift in Sources */,
				86FC567D20A1E9A100D9BB00 /* PlaceModalViewController.swift in Sources */,
				86A895A22019917D00CE3926 /* AppDelegate.swift in Sources */,
				86B5D47420C74F8500A851DE /* MyTripsViewController.swift in Sources */,
				863C736220C7546F0054C49A /* TripCollectionViewCell.swift in Sources */,
			);
			runOnlyForDeploymentPostprocessing = 0;
		};
/* End PBXSourcesBuildPhase section */

/* Begin PBXVariantGroup section */
		86A895A52019917D00CE3926 /* Main.storyboard */ = {
			isa = PBXVariantGroup;
			children = (
				86A895A62019917D00CE3926 /* Base */,
			);
			name = Main.storyboard;
			sourceTree = "<group>";
		};
		86A895AA2019917D00CE3926 /* LaunchScreen.storyboard */ = {
			isa = PBXVariantGroup;
			children = (
				86A895AB2019917D00CE3926 /* Base */,
			);
			name = LaunchScreen.storyboard;
			sourceTree = "<group>";
		};
/* End PBXVariantGroup section */

/* Begin XCBuildConfiguration section */
		86A895AE2019917D00CE3926 /* Debug */ = {
			isa = XCBuildConfiguration;
			buildSettings = {
				ALWAYS_SEARCH_USER_PATHS = NO;
				CLANG_ANALYZER_NONNULL = YES;
				CLANG_ANALYZER_NUMBER_OBJECT_CONVERSION = YES_AGGRESSIVE;
				CLANG_CXX_LANGUAGE_STANDARD = "gnu++14";
				CLANG_CXX_LIBRARY = "libc++";
				CLANG_ENABLE_MODULES = YES;
				CLANG_ENABLE_OBJC_ARC = YES;
				CLANG_WARN_BLOCK_CAPTURE_AUTORELEASING = YES;
				CLANG_WARN_BOOL_CONVERSION = YES;
				CLANG_WARN_COMMA = YES;
				CLANG_WARN_CONSTANT_CONVERSION = YES;
				CLANG_WARN_DIRECT_OBJC_ISA_USAGE = YES_ERROR;
				CLANG_WARN_DOCUMENTATION_COMMENTS = YES;
				CLANG_WARN_EMPTY_BODY = YES;
				CLANG_WARN_ENUM_CONVERSION = YES;
				CLANG_WARN_INFINITE_RECURSION = YES;
				CLANG_WARN_INT_CONVERSION = YES;
				CLANG_WARN_NON_LITERAL_NULL_CONVERSION = YES;
				CLANG_WARN_OBJC_LITERAL_CONVERSION = YES;
				CLANG_WARN_OBJC_ROOT_CLASS = YES_ERROR;
				CLANG_WARN_RANGE_LOOP_ANALYSIS = YES;
				CLANG_WARN_STRICT_PROTOTYPES = YES;
				CLANG_WARN_SUSPICIOUS_MOVE = YES;
				CLANG_WARN_UNGUARDED_AVAILABILITY = YES_AGGRESSIVE;
				CLANG_WARN_UNREACHABLE_CODE = YES;
				CLANG_WARN__DUPLICATE_METHOD_MATCH = YES;
				CODE_SIGN_IDENTITY = "iPhone Developer";
				COPY_PHASE_STRIP = NO;
				DEBUG_INFORMATION_FORMAT = dwarf;
				ENABLE_STRICT_OBJC_MSGSEND = YES;
				ENABLE_TESTABILITY = YES;
				GCC_C_LANGUAGE_STANDARD = gnu11;
				GCC_DYNAMIC_NO_PIC = NO;
				GCC_NO_COMMON_BLOCKS = YES;
				GCC_OPTIMIZATION_LEVEL = 0;
				GCC_PREPROCESSOR_DEFINITIONS = (
					"DEBUG=1",
					"$(inherited)",
				);
				GCC_WARN_64_TO_32_BIT_CONVERSION = YES;
				GCC_WARN_ABOUT_RETURN_TYPE = YES_ERROR;
				GCC_WARN_UNDECLARED_SELECTOR = YES;
				GCC_WARN_UNINITIALIZED_AUTOS = YES_AGGRESSIVE;
				GCC_WARN_UNUSED_FUNCTION = YES;
				GCC_WARN_UNUSED_VARIABLE = YES;
				IPHONEOS_DEPLOYMENT_TARGET = 11.2;
				MTL_ENABLE_DEBUG_INFO = YES;
				ONLY_ACTIVE_ARCH = YES;
				OTHER_LDFLAGS = "-ObjC";
				SDKROOT = iphoneos;
				SWIFT_ACTIVE_COMPILATION_CONDITIONS = DEBUG;
				SWIFT_OPTIMIZATION_LEVEL = "-Onone";
			};
			name = Debug;
		};
		86A895AF2019917D00CE3926 /* Release */ = {
			isa = XCBuildConfiguration;
			buildSettings = {
				ALWAYS_SEARCH_USER_PATHS = NO;
				CLANG_ANALYZER_NONNULL = YES;
				CLANG_ANALYZER_NUMBER_OBJECT_CONVERSION = YES_AGGRESSIVE;
				CLANG_CXX_LANGUAGE_STANDARD = "gnu++14";
				CLANG_CXX_LIBRARY = "libc++";
				CLANG_ENABLE_MODULES = YES;
				CLANG_ENABLE_OBJC_ARC = YES;
				CLANG_WARN_BLOCK_CAPTURE_AUTORELEASING = YES;
				CLANG_WARN_BOOL_CONVERSION = YES;
				CLANG_WARN_COMMA = YES;
				CLANG_WARN_CONSTANT_CONVERSION = YES;
				CLANG_WARN_DIRECT_OBJC_ISA_USAGE = YES_ERROR;
				CLANG_WARN_DOCUMENTATION_COMMENTS = YES;
				CLANG_WARN_EMPTY_BODY = YES;
				CLANG_WARN_ENUM_CONVERSION = YES;
				CLANG_WARN_INFINITE_RECURSION = YES;
				CLANG_WARN_INT_CONVERSION = YES;
				CLANG_WARN_NON_LITERAL_NULL_CONVERSION = YES;
				CLANG_WARN_OBJC_LITERAL_CONVERSION = YES;
				CLANG_WARN_OBJC_ROOT_CLASS = YES_ERROR;
				CLANG_WARN_RANGE_LOOP_ANALYSIS = YES;
				CLANG_WARN_STRICT_PROTOTYPES = YES;
				CLANG_WARN_SUSPICIOUS_MOVE = YES;
				CLANG_WARN_UNGUARDED_AVAILABILITY = YES_AGGRESSIVE;
				CLANG_WARN_UNREACHABLE_CODE = YES;
				CLANG_WARN__DUPLICATE_METHOD_MATCH = YES;
				CODE_SIGN_IDENTITY = "iPhone Developer";
				COPY_PHASE_STRIP = NO;
				DEBUG_INFORMATION_FORMAT = "dwarf-with-dsym";
				ENABLE_NS_ASSERTIONS = NO;
				ENABLE_STRICT_OBJC_MSGSEND = YES;
				GCC_C_LANGUAGE_STANDARD = gnu11;
				GCC_NO_COMMON_BLOCKS = YES;
				GCC_WARN_64_TO_32_BIT_CONVERSION = YES;
				GCC_WARN_ABOUT_RETURN_TYPE = YES_ERROR;
				GCC_WARN_UNDECLARED_SELECTOR = YES;
				GCC_WARN_UNINITIALIZED_AUTOS = YES_AGGRESSIVE;
				GCC_WARN_UNUSED_FUNCTION = YES;
				GCC_WARN_UNUSED_VARIABLE = YES;
				IPHONEOS_DEPLOYMENT_TARGET = 11.2;
				MTL_ENABLE_DEBUG_INFO = NO;
				OTHER_LDFLAGS = "-ObjC";
				SDKROOT = iphoneos;
				SWIFT_OPTIMIZATION_LEVEL = "-Owholemodule";
				VALIDATE_PRODUCT = YES;
			};
			name = Release;
		};
		86A895B12019917D00CE3926 /* Debug */ = {
			isa = XCBuildConfiguration;
			baseConfigurationReference = 294D1F28DC78E5ED9B495AB9 /* Pods-JustGoWithIt.debug.xcconfig */;
			buildSettings = {
				ASSETCATALOG_COMPILER_APPICON_NAME = AppIcon;
				CODE_SIGN_STYLE = Automatic;
				DEVELOPMENT_TEAM = MNG4S554VZ;
				FRAMEWORK_SEARCH_PATHS = (
					"$(inherited)",
					"$(PROJECT_DIR)/JustGoWithIt",
				);
				INFOPLIST_FILE = JustGoWithIt/Info.plist;
				LD_RUNPATH_SEARCH_PATHS = "$(inherited) @executable_path/Frameworks";
				PRODUCT_BUNDLE_IDENTIFIER = erj.JustGoWithIt;
				PRODUCT_NAME = "$(TARGET_NAME)";
				SWIFT_VERSION = 4.0;
				TARGETED_DEVICE_FAMILY = "1,2";
			};
			name = Debug;
		};
		86A895B22019917D00CE3926 /* Release */ = {
			isa = XCBuildConfiguration;
			baseConfigurationReference = 1F520DA6DB0379C82D7EF55A /* Pods-JustGoWithIt.release.xcconfig */;
			buildSettings = {
				ASSETCATALOG_COMPILER_APPICON_NAME = AppIcon;
				CODE_SIGN_STYLE = Automatic;
				DEVELOPMENT_TEAM = MNG4S554VZ;
				FRAMEWORK_SEARCH_PATHS = (
					"$(inherited)",
					"$(PROJECT_DIR)/JustGoWithIt",
				);
				INFOPLIST_FILE = JustGoWithIt/Info.plist;
				LD_RUNPATH_SEARCH_PATHS = "$(inherited) @executable_path/Frameworks";
				PRODUCT_BUNDLE_IDENTIFIER = erj.JustGoWithIt;
				PRODUCT_NAME = "$(TARGET_NAME)";
				SWIFT_VERSION = 4.0;
				TARGETED_DEVICE_FAMILY = "1,2";
			};
			name = Release;
		};
/* End XCBuildConfiguration section */

/* Begin XCConfigurationList section */
		86A895992019917D00CE3926 /* Build configuration list for PBXProject "JustGoWithIt" */ = {
			isa = XCConfigurationList;
			buildConfigurations = (
				86A895AE2019917D00CE3926 /* Debug */,
				86A895AF2019917D00CE3926 /* Release */,
			);
			defaultConfigurationIsVisible = 0;
			defaultConfigurationName = Release;
		};
		86A895B02019917D00CE3926 /* Build configuration list for PBXNativeTarget "JustGoWithIt" */ = {
			isa = XCConfigurationList;
			buildConfigurations = (
				86A895B12019917D00CE3926 /* Debug */,
				86A895B22019917D00CE3926 /* Release */,
			);
			defaultConfigurationIsVisible = 0;
			defaultConfigurationName = Release;
		};
/* End XCConfigurationList section */
	};
	rootObject = 86A895962019917D00CE3926 /* Project object */;
}
