// !$*UTF8*$!
{
	archiveVersion = 1;
	classes = {
	};
	objectVersion = 48;
	objects = {

/* Begin PBXBuildFile section */
		52137A292114CA12008F3052 /* ApiKeys.swift in Sources */ = {isa = PBXBuildFile; fileRef = 52137A282114CA12008F3052 /* ApiKeys.swift */; };
		525011332137684700A40DAB /* AboutAppViewController.swift in Sources */ = {isa = PBXBuildFile; fileRef = 525011322137684700A40DAB /* AboutAppViewController.swift */; };
		5262DFA021F6731400A2E918 /* DrawerViewController.swift in Sources */ = {isa = PBXBuildFile; fileRef = 5262DF9F21F6731400A2E918 /* DrawerViewController.swift */; };
		5262DFA221FE74BF00A2E918 /* DrawerHeaderView.xib in Resources */ = {isa = PBXBuildFile; fileRef = 5262DFA121FE74BF00A2E918 /* DrawerHeaderView.xib */; };
		5262DFA421FE9BA400A2E918 /* DrawerHeaderView.swift in Sources */ = {isa = PBXBuildFile; fileRef = 5262DFA321FE9BA400A2E918 /* DrawerHeaderView.swift */; };
		52C1923021EBC2B4004F073A /* MainViewController.swift in Sources */ = {isa = PBXBuildFile; fileRef = 52C1922F21EBC2B4004F073A /* MainViewController.swift */; };
		52C4E9482278C9F3006E83F2 /* PlaceTableViewController.swift in Sources */ = {isa = PBXBuildFile; fileRef = 52C4E9472278C9F3006E83F2 /* PlaceTableViewController.swift */; };
		52CF5BD822B85706004A7B30 /* GoogleService-Info.plist in Resources */ = {isa = PBXBuildFile; fileRef = 52CF5BD722B85706004A7B30 /* GoogleService-Info.plist */; };
		52D79B3B2278EFD9007E8DDE /* PlaceDetailsViewController.swift in Sources */ = {isa = PBXBuildFile; fileRef = 52D79B3A2278EFD9007E8DDE /* PlaceDetailsViewController.swift */; };
		52E5F61D213626E700672DE2 /* Mock.swift in Sources */ = {isa = PBXBuildFile; fileRef = 52E5F61C213626E700672DE2 /* Mock.swift */; };
		52FDB33321F143F600FB6153 /* PlaceTableHeaderView.xib in Resources */ = {isa = PBXBuildFile; fileRef = 52FDB33221F143F600FB6153 /* PlaceTableHeaderView.xib */; };
		52FDB33621F148DF00FB6153 /* PlaceListTableViewCell.swift in Sources */ = {isa = PBXBuildFile; fileRef = 52FDB33421F148DF00FB6153 /* PlaceListTableViewCell.swift */; };
		52FDB33721F148DF00FB6153 /* PlaceListTableViewCell.xib in Resources */ = {isa = PBXBuildFile; fileRef = 52FDB33521F148DF00FB6153 /* PlaceListTableViewCell.xib */; };
		52FDB33921F63C1B00FB6153 /* PlaceTableHeaderView.swift in Sources */ = {isa = PBXBuildFile; fileRef = 52FDB33821F63C1B00FB6153 /* PlaceTableHeaderView.swift */; };
		7F6A610A476A4EC69C9A8559 /* Pods_MyTrips.framework in Frameworks */ = {isa = PBXBuildFile; fileRef = E5C3FFBBA9A114229E56F47A /* Pods_MyTrips.framework */; };
		8629CC8520D3EDB600ED49E1 /* Extensions.swift in Sources */ = {isa = PBXBuildFile; fileRef = 8629CC8420D3EDB600ED49E1 /* Extensions.swift */; };
		862FBB4020C80FA20078D689 /* MyTrip.storyboard in Resources */ = {isa = PBXBuildFile; fileRef = 862FBB3F20C80FA20078D689 /* MyTrip.storyboard */; };
		863E26E5207FA1C000029FF4 /* GooglePhotoManager.swift in Sources */ = {isa = PBXBuildFile; fileRef = 863E26E4207FA1C000029FF4 /* GooglePhotoManager.swift */; };
		863E26E7207FFDBD00029FF4 /* LocationManager.swift in Sources */ = {isa = PBXBuildFile; fileRef = 863E26E6207FFDBD00029FF4 /* LocationManager.swift */; };
		864F67E2207EACD500B6554B /* Models.swift in Sources */ = {isa = PBXBuildFile; fileRef = 864F67E1207EACD500B6554B /* Models.swift */; };
		86A895A22019917D00CE3926 /* AppDelegate.swift in Sources */ = {isa = PBXBuildFile; fileRef = 86A895A12019917D00CE3926 /* AppDelegate.swift */; };
		86A895A92019917D00CE3926 /* Assets.xcassets in Resources */ = {isa = PBXBuildFile; fileRef = 86A895A82019917D00CE3926 /* Assets.xcassets */; };
		86A895AC2019917D00CE3926 /* LaunchScreen.storyboard in Resources */ = {isa = PBXBuildFile; fileRef = 86A895AA2019917D00CE3926 /* LaunchScreen.storyboard */; };
		86B5A8D920C95F5C00B24F43 /* RealmManager.swift in Sources */ = {isa = PBXBuildFile; fileRef = 86B5A8D820C95F5C00B24F43 /* RealmManager.swift */; };
		86B5A8DB20CAB36C00B24F43 /* GoogleResourceManager.swift in Sources */ = {isa = PBXBuildFile; fileRef = 86B5A8DA20CAB36C00B24F43 /* GoogleResourceManager.swift */; };
		86B75C40205950A200D53F90 /* GooglePlaces.framework in Frameworks */ = {isa = PBXBuildFile; fileRef = 86B75C3F205950A200D53F90 /* GooglePlaces.framework */; };
		86B75C42205950B200D53F90 /* GoogleMapsBase.framework in Frameworks */ = {isa = PBXBuildFile; fileRef = 86B75C41205950B200D53F90 /* GoogleMapsBase.framework */; };
		86B75C452059511700D53F90 /* Accelerate.framework in Frameworks */ = {isa = PBXBuildFile; fileRef = 86B75C442059511700D53F90 /* Accelerate.framework */; };
		86B75C472059512300D53F90 /* CoreData.framework in Frameworks */ = {isa = PBXBuildFile; fileRef = 86B75C462059512300D53F90 /* CoreData.framework */; };
		86B75C492059512A00D53F90 /* CoreGraphics.framework in Frameworks */ = {isa = PBXBuildFile; fileRef = 86B75C482059512A00D53F90 /* CoreGraphics.framework */; };
		86B75C4B2059513500D53F90 /* CoreImage.framework in Frameworks */ = {isa = PBXBuildFile; fileRef = 86B75C4A2059513500D53F90 /* CoreImage.framework */; };
		86B75C4D2059513E00D53F90 /* CoreLocation.framework in Frameworks */ = {isa = PBXBuildFile; fileRef = 86B75C4C2059513E00D53F90 /* CoreLocation.framework */; };
		86B75C4F2059514900D53F90 /* CoreTelephony.framework in Frameworks */ = {isa = PBXBuildFile; fileRef = 86B75C4E2059514900D53F90 /* CoreTelephony.framework */; };
		86B75C512059514E00D53F90 /* CoreText.framework in Frameworks */ = {isa = PBXBuildFile; fileRef = 86B75C502059514E00D53F90 /* CoreText.framework */; };
		86B75C532059515B00D53F90 /* GLKit.framework in Frameworks */ = {isa = PBXBuildFile; fileRef = 86B75C522059515B00D53F90 /* GLKit.framework */; };
		86B75C552059516100D53F90 /* ImageIO.framework in Frameworks */ = {isa = PBXBuildFile; fileRef = 86B75C542059516100D53F90 /* ImageIO.framework */; };
		86B75C572059517400D53F90 /* libc++.tbd in Frameworks */ = {isa = PBXBuildFile; fileRef = 86B75C562059517400D53F90 /* libc++.tbd */; };
		86B75C592059517F00D53F90 /* libz.tbd in Frameworks */ = {isa = PBXBuildFile; fileRef = 86B75C582059517F00D53F90 /* libz.tbd */; };
		86B75C5B2059518900D53F90 /* OpenGLES.framework in Frameworks */ = {isa = PBXBuildFile; fileRef = 86B75C5A2059518900D53F90 /* OpenGLES.framework */; };
		86B75C5D2059518F00D53F90 /* QuartzCore.framework in Frameworks */ = {isa = PBXBuildFile; fileRef = 86B75C5C2059518F00D53F90 /* QuartzCore.framework */; };
		86B75C5F2059519900D53F90 /* SystemConfiguration.framework in Frameworks */ = {isa = PBXBuildFile; fileRef = 86B75C5E2059519900D53F90 /* SystemConfiguration.framework */; };
		86B75C612059519E00D53F90 /* UIKit.framework in Frameworks */ = {isa = PBXBuildFile; fileRef = 86B75C602059519E00D53F90 /* UIKit.framework */; };
		86B7EB14208F8BF100B2B2A2 /* PhotoCollectionViewCell.swift in Sources */ = {isa = PBXBuildFile; fileRef = 86B7EB12208F8BF100B2B2A2 /* PhotoCollectionViewCell.swift */; };
		86B7EB15208F8BF100B2B2A2 /* PhotoCollectionViewCell.xib in Resources */ = {isa = PBXBuildFile; fileRef = 86B7EB13208F8BF100B2B2A2 /* PhotoCollectionViewCell.xib */; };
		86CA2C0520199A6500A0D770 /* ListTableViewCell.swift in Sources */ = {isa = PBXBuildFile; fileRef = 86CA2C0320199A6500A0D770 /* ListTableViewCell.swift */; };
		86CA2C0620199A6500A0D770 /* ListTableViewCell.xib in Resources */ = {isa = PBXBuildFile; fileRef = 86CA2C0420199A6500A0D770 /* ListTableViewCell.xib */; };
/* End PBXBuildFile section */

/* Begin PBXFileReference section */
		52137A282114CA12008F3052 /* ApiKeys.swift */ = {isa = PBXFileReference; lastKnownFileType = sourcecode.swift; path = ApiKeys.swift; sourceTree = "<group>"; };
		525011322137684700A40DAB /* AboutAppViewController.swift */ = {isa = PBXFileReference; lastKnownFileType = sourcecode.swift; path = AboutAppViewController.swift; sourceTree = "<group>"; };
		5262DF9F21F6731400A2E918 /* DrawerViewController.swift */ = {isa = PBXFileReference; lastKnownFileType = sourcecode.swift; path = DrawerViewController.swift; sourceTree = "<group>"; };
		5262DFA121FE74BF00A2E918 /* DrawerHeaderView.xib */ = {isa = PBXFileReference; lastKnownFileType = file.xib; path = DrawerHeaderView.xib; sourceTree = "<group>"; };
		5262DFA321FE9BA400A2E918 /* DrawerHeaderView.swift */ = {isa = PBXFileReference; lastKnownFileType = sourcecode.swift; path = DrawerHeaderView.swift; sourceTree = "<group>"; };
		527BD2A322B2D82C00A5745B /* MyTrips.entitlements */ = {isa = PBXFileReference; lastKnownFileType = text.plist.entitlements; path = MyTrips.entitlements; sourceTree = "<group>"; };
		52C1922F21EBC2B4004F073A /* MainViewController.swift */ = {isa = PBXFileReference; lastKnownFileType = sourcecode.swift; path = MainViewController.swift; sourceTree = "<group>"; };
		52C4E9472278C9F3006E83F2 /* PlaceTableViewController.swift */ = {isa = PBXFileReference; lastKnownFileType = sourcecode.swift; path = PlaceTableViewController.swift; sourceTree = "<group>"; };
		52CF5BD722B85706004A7B30 /* GoogleService-Info.plist */ = {isa = PBXFileReference; fileEncoding = 4; lastKnownFileType = text.plist.xml; path = "GoogleService-Info.plist"; sourceTree = "<group>"; };
		52D79B3A2278EFD9007E8DDE /* PlaceDetailsViewController.swift */ = {isa = PBXFileReference; lastKnownFileType = sourcecode.swift; path = PlaceDetailsViewController.swift; sourceTree = "<group>"; };
		52E5F61C213626E700672DE2 /* Mock.swift */ = {isa = PBXFileReference; lastKnownFileType = sourcecode.swift; path = Mock.swift; sourceTree = "<group>"; };
		52FDB33221F143F600FB6153 /* PlaceTableHeaderView.xib */ = {isa = PBXFileReference; lastKnownFileType = file.xib; path = PlaceTableHeaderView.xib; sourceTree = "<group>"; };
		52FDB33421F148DF00FB6153 /* PlaceListTableViewCell.swift */ = {isa = PBXFileReference; lastKnownFileType = sourcecode.swift; path = PlaceListTableViewCell.swift; sourceTree = "<group>"; };
		52FDB33521F148DF00FB6153 /* PlaceListTableViewCell.xib */ = {isa = PBXFileReference; lastKnownFileType = file.xib; path = PlaceListTableViewCell.xib; sourceTree = "<group>"; };
		52FDB33821F63C1B00FB6153 /* PlaceTableHeaderView.swift */ = {isa = PBXFileReference; lastKnownFileType = sourcecode.swift; path = PlaceTableHeaderView.swift; sourceTree = "<group>"; };
		7769DFD202A8607815CAFBCD /* Pods-MyTrips.debug.xcconfig */ = {isa = PBXFileReference; includeInIndex = 1; lastKnownFileType = text.xcconfig; name = "Pods-MyTrips.debug.xcconfig"; path = "Pods/Target Support Files/Pods-MyTrips/Pods-MyTrips.debug.xcconfig"; sourceTree = "<group>"; };
		7B015411419C5B7B261BECB1 /* Pods-MyTrips.release.xcconfig */ = {isa = PBXFileReference; includeInIndex = 1; lastKnownFileType = text.xcconfig; name = "Pods-MyTrips.release.xcconfig"; path = "Pods/Target Support Files/Pods-MyTrips/Pods-MyTrips.release.xcconfig"; sourceTree = "<group>"; };
		8629CC8420D3EDB600ED49E1 /* Extensions.swift */ = {isa = PBXFileReference; lastKnownFileType = sourcecode.swift; path = Extensions.swift; sourceTree = "<group>"; };
		862FBB3F20C80FA20078D689 /* MyTrip.storyboard */ = {isa = PBXFileReference; lastKnownFileType = file.storyboard; path = MyTrip.storyboard; sourceTree = "<group>"; };
		863E26E4207FA1C000029FF4 /* GooglePhotoManager.swift */ = {isa = PBXFileReference; lastKnownFileType = sourcecode.swift; path = GooglePhotoManager.swift; sourceTree = "<group>"; };
		863E26E6207FFDBD00029FF4 /* LocationManager.swift */ = {isa = PBXFileReference; lastKnownFileType = sourcecode.swift; path = LocationManager.swift; sourceTree = "<group>"; };
		864F67E1207EACD500B6554B /* Models.swift */ = {isa = PBXFileReference; lastKnownFileType = sourcecode.swift; path = Models.swift; sourceTree = "<group>"; };
		86A8959E2019917D00CE3926 /* MyTrips.app */ = {isa = PBXFileReference; explicitFileType = wrapper.application; includeInIndex = 0; path = MyTrips.app; sourceTree = BUILT_PRODUCTS_DIR; };
		86A895A12019917D00CE3926 /* AppDelegate.swift */ = {isa = PBXFileReference; lastKnownFileType = sourcecode.swift; path = AppDelegate.swift; sourceTree = "<group>"; };
		86A895A82019917D00CE3926 /* Assets.xcassets */ = {isa = PBXFileReference; lastKnownFileType = folder.assetcatalog; path = Assets.xcassets; sourceTree = "<group>"; };
		86A895AB2019917D00CE3926 /* Base */ = {isa = PBXFileReference; lastKnownFileType = file.storyboard; name = Base; path = Base.lproj/LaunchScreen.storyboard; sourceTree = "<group>"; };
		86A895AD2019917D00CE3926 /* Info.plist */ = {isa = PBXFileReference; lastKnownFileType = text.plist.xml; path = Info.plist; sourceTree = "<group>"; };
		86B5A8D820C95F5C00B24F43 /* RealmManager.swift */ = {isa = PBXFileReference; lastKnownFileType = sourcecode.swift; path = RealmManager.swift; sourceTree = "<group>"; };
		86B5A8DA20CAB36C00B24F43 /* GoogleResourceManager.swift */ = {isa = PBXFileReference; lastKnownFileType = sourcecode.swift; path = GoogleResourceManager.swift; sourceTree = "<group>"; };
		86B75C3F205950A200D53F90 /* GooglePlaces.framework */ = {isa = PBXFileReference; lastKnownFileType = wrapper.framework; path = GooglePlaces.framework; sourceTree = "<group>"; };
		86B75C41205950B200D53F90 /* GoogleMapsBase.framework */ = {isa = PBXFileReference; lastKnownFileType = wrapper.framework; path = GoogleMapsBase.framework; sourceTree = "<group>"; };
		86B75C442059511700D53F90 /* Accelerate.framework */ = {isa = PBXFileReference; lastKnownFileType = wrapper.framework; name = Accelerate.framework; path = System/Library/Frameworks/Accelerate.framework; sourceTree = SDKROOT; };
		86B75C462059512300D53F90 /* CoreData.framework */ = {isa = PBXFileReference; lastKnownFileType = wrapper.framework; name = CoreData.framework; path = System/Library/Frameworks/CoreData.framework; sourceTree = SDKROOT; };
		86B75C482059512A00D53F90 /* CoreGraphics.framework */ = {isa = PBXFileReference; lastKnownFileType = wrapper.framework; name = CoreGraphics.framework; path = System/Library/Frameworks/CoreGraphics.framework; sourceTree = SDKROOT; };
		86B75C4A2059513500D53F90 /* CoreImage.framework */ = {isa = PBXFileReference; lastKnownFileType = wrapper.framework; name = CoreImage.framework; path = System/Library/Frameworks/CoreImage.framework; sourceTree = SDKROOT; };
		86B75C4C2059513E00D53F90 /* CoreLocation.framework */ = {isa = PBXFileReference; lastKnownFileType = wrapper.framework; name = CoreLocation.framework; path = System/Library/Frameworks/CoreLocation.framework; sourceTree = SDKROOT; };
		86B75C4E2059514900D53F90 /* CoreTelephony.framework */ = {isa = PBXFileReference; lastKnownFileType = wrapper.framework; name = CoreTelephony.framework; path = System/Library/Frameworks/CoreTelephony.framework; sourceTree = SDKROOT; };
		86B75C502059514E00D53F90 /* CoreText.framework */ = {isa = PBXFileReference; lastKnownFileType = wrapper.framework; name = CoreText.framework; path = System/Library/Frameworks/CoreText.framework; sourceTree = SDKROOT; };
		86B75C522059515B00D53F90 /* GLKit.framework */ = {isa = PBXFileReference; lastKnownFileType = wrapper.framework; name = GLKit.framework; path = System/Library/Frameworks/GLKit.framework; sourceTree = SDKROOT; };
		86B75C542059516100D53F90 /* ImageIO.framework */ = {isa = PBXFileReference; lastKnownFileType = wrapper.framework; name = ImageIO.framework; path = System/Library/Frameworks/ImageIO.framework; sourceTree = SDKROOT; };
		86B75C562059517400D53F90 /* libc++.tbd */ = {isa = PBXFileReference; lastKnownFileType = "sourcecode.text-based-dylib-definition"; name = "libc++.tbd"; path = "usr/lib/libc++.tbd"; sourceTree = SDKROOT; };
		86B75C582059517F00D53F90 /* libz.tbd */ = {isa = PBXFileReference; lastKnownFileType = "sourcecode.text-based-dylib-definition"; name = libz.tbd; path = usr/lib/libz.tbd; sourceTree = SDKROOT; };
		86B75C5A2059518900D53F90 /* OpenGLES.framework */ = {isa = PBXFileReference; lastKnownFileType = wrapper.framework; name = OpenGLES.framework; path = System/Library/Frameworks/OpenGLES.framework; sourceTree = SDKROOT; };
		86B75C5C2059518F00D53F90 /* QuartzCore.framework */ = {isa = PBXFileReference; lastKnownFileType = wrapper.framework; name = QuartzCore.framework; path = System/Library/Frameworks/QuartzCore.framework; sourceTree = SDKROOT; };
		86B75C5E2059519900D53F90 /* SystemConfiguration.framework */ = {isa = PBXFileReference; lastKnownFileType = wrapper.framework; name = SystemConfiguration.framework; path = System/Library/Frameworks/SystemConfiguration.framework; sourceTree = SDKROOT; };
		86B75C602059519E00D53F90 /* UIKit.framework */ = {isa = PBXFileReference; lastKnownFileType = wrapper.framework; name = UIKit.framework; path = System/Library/Frameworks/UIKit.framework; sourceTree = SDKROOT; };
		86B7EB12208F8BF100B2B2A2 /* PhotoCollectionViewCell.swift */ = {isa = PBXFileReference; lastKnownFileType = sourcecode.swift; path = PhotoCollectionViewCell.swift; sourceTree = "<group>"; };
		86B7EB13208F8BF100B2B2A2 /* PhotoCollectionViewCell.xib */ = {isa = PBXFileReference; lastKnownFileType = file.xib; path = PhotoCollectionViewCell.xib; sourceTree = "<group>"; };
		86CA2C0320199A6500A0D770 /* ListTableViewCell.swift */ = {isa = PBXFileReference; lastKnownFileType = sourcecode.swift; path = ListTableViewCell.swift; sourceTree = "<group>"; };
		86CA2C0420199A6500A0D770 /* ListTableViewCell.xib */ = {isa = PBXFileReference; lastKnownFileType = file.xib; path = ListTableViewCell.xib; sourceTree = "<group>"; };
		E5C3FFBBA9A114229E56F47A /* Pods_MyTrips.framework */ = {isa = PBXFileReference; explicitFileType = wrapper.framework; includeInIndex = 0; path = Pods_MyTrips.framework; sourceTree = BUILT_PRODUCTS_DIR; };
/* End PBXFileReference section */

/* Begin PBXFrameworksBuildPhase section */
		86A8959B2019917D00CE3926 /* Frameworks */ = {
			isa = PBXFrameworksBuildPhase;
			buildActionMask = 2147483647;
			files = (
				86B75C612059519E00D53F90 /* UIKit.framework in Frameworks */,
				86B75C5F2059519900D53F90 /* SystemConfiguration.framework in Frameworks */,
				86B75C5D2059518F00D53F90 /* QuartzCore.framework in Frameworks */,
				86B75C5B2059518900D53F90 /* OpenGLES.framework in Frameworks */,
				86B75C592059517F00D53F90 /* libz.tbd in Frameworks */,
				86B75C572059517400D53F90 /* libc++.tbd in Frameworks */,
				86B75C552059516100D53F90 /* ImageIO.framework in Frameworks */,
				86B75C532059515B00D53F90 /* GLKit.framework in Frameworks */,
				86B75C512059514E00D53F90 /* CoreText.framework in Frameworks */,
				86B75C4F2059514900D53F90 /* CoreTelephony.framework in Frameworks */,
				86B75C4D2059513E00D53F90 /* CoreLocation.framework in Frameworks */,
				86B75C4B2059513500D53F90 /* CoreImage.framework in Frameworks */,
				86B75C492059512A00D53F90 /* CoreGraphics.framework in Frameworks */,
				86B75C472059512300D53F90 /* CoreData.framework in Frameworks */,
				86B75C452059511700D53F90 /* Accelerate.framework in Frameworks */,
				86B75C40205950A200D53F90 /* GooglePlaces.framework in Frameworks */,
				86B75C42205950B200D53F90 /* GoogleMapsBase.framework in Frameworks */,
				7F6A610A476A4EC69C9A8559 /* Pods_MyTrips.framework in Frameworks */,
			);
			runOnlyForDeploymentPostprocessing = 0;
		};
/* End PBXFrameworksBuildPhase section */

/* Begin PBXGroup section */
		09D5EFF83269AD02388F3EE3 /* Pods */ = {
			isa = PBXGroup;
			children = (
				7769DFD202A8607815CAFBCD /* Pods-MyTrips.debug.xcconfig */,
				7B015411419C5B7B261BECB1 /* Pods-MyTrips.release.xcconfig */,
			);
			name = Pods;
			sourceTree = "<group>";
		};
		529F4EA320F283E500D1E965 /* Main */ = {
			isa = PBXGroup;
			children = (
				52BE6EAA228614FA0062279E /* Menu */,
				862FBB3F20C80FA20078D689 /* MyTrip.storyboard */,
				52C1922F21EBC2B4004F073A /* MainViewController.swift */,
				52FDB33821F63C1B00FB6153 /* PlaceTableHeaderView.swift */,
				52FDB33221F143F600FB6153 /* PlaceTableHeaderView.xib */,
				52FDB33421F148DF00FB6153 /* PlaceListTableViewCell.swift */,
				52FDB33521F148DF00FB6153 /* PlaceListTableViewCell.xib */,
				52C4E9472278C9F3006E83F2 /* PlaceTableViewController.swift */,
				86CA2C0420199A6500A0D770 /* ListTableViewCell.xib */,
				86CA2C0320199A6500A0D770 /* ListTableViewCell.swift */,
				525011322137684700A40DAB /* AboutAppViewController.swift */,
				86B5D47120C5CEDA00A851DE /* PlaceDetails */,
			);
			path = Main;
			sourceTree = "<group>";
		};
		529F4EA420F2841C00D1E965 /* Util */ = {
			isa = PBXGroup;
			children = (
				863E26E4207FA1C000029FF4 /* GooglePhotoManager.swift */,
				863E26E6207FFDBD00029FF4 /* LocationManager.swift */,
				86B5A8D820C95F5C00B24F43 /* RealmManager.swift */,
				86B5A8DA20CAB36C00B24F43 /* GoogleResourceManager.swift */,
				8629CC8420D3EDB600ED49E1 /* Extensions.swift */,
				52E5F61C213626E700672DE2 /* Mock.swift */,
				864F67E1207EACD500B6554B /* Models.swift */,
				52137A282114CA12008F3052 /* ApiKeys.swift */,
			);
			path = Util;
			sourceTree = "<group>";
		};
		52BE6EAA228614FA0062279E /* Menu */ = {
			isa = PBXGroup;
			children = (
				5262DF9F21F6731400A2E918 /* DrawerViewController.swift */,
				5262DFA121FE74BF00A2E918 /* DrawerHeaderView.xib */,
				5262DFA321FE9BA400A2E918 /* DrawerHeaderView.swift */,
			);
			path = Menu;
			sourceTree = "<group>";
		};
		86A895952019917D00CE3926 = {
			isa = PBXGroup;
			children = (
				86A895A02019917D00CE3926 /* MyTrips */,
				86A8959F2019917D00CE3926 /* Products */,
				86B75C432059511700D53F90 /* Frameworks */,
				09D5EFF83269AD02388F3EE3 /* Pods */,
			);
			sourceTree = "<group>";
		};
		86A8959F2019917D00CE3926 /* Products */ = {
			isa = PBXGroup;
			children = (
				86A8959E2019917D00CE3926 /* MyTrips.app */,
			);
			name = Products;
			sourceTree = "<group>";
		};
		86A895A02019917D00CE3926 /* MyTrips */ = {
			isa = PBXGroup;
			children = (
				527BD2A322B2D82C00A5745B /* MyTrips.entitlements */,
				529F4EA320F283E500D1E965 /* Main */,
				529F4EA420F2841C00D1E965 /* Util */,
				86A895A12019917D00CE3926 /* AppDelegate.swift */,
				86A895A82019917D00CE3926 /* Assets.xcassets */,
				86A895AA2019917D00CE3926 /* LaunchScreen.storyboard */,
				86A895AD2019917D00CE3926 /* Info.plist */,
				52CF5BD722B85706004A7B30 /* GoogleService-Info.plist */,
				86B75C3F205950A200D53F90 /* GooglePlaces.framework */,
				86B75C41205950B200D53F90 /* GoogleMapsBase.framework */,
			);
			path = MyTrips;
			sourceTree = "<group>";
		};
		86B5D47120C5CEDA00A851DE /* PlaceDetails */ = {
			isa = PBXGroup;
			children = (
				52D79B3A2278EFD9007E8DDE /* PlaceDetailsViewController.swift */,
				86B7EB13208F8BF100B2B2A2 /* PhotoCollectionViewCell.xib */,
				86B7EB12208F8BF100B2B2A2 /* PhotoCollectionViewCell.swift */,
			);
			path = PlaceDetails;
			sourceTree = "<group>";
		};
		86B75C432059511700D53F90 /* Frameworks */ = {
			isa = PBXGroup;
			children = (
				86B75C602059519E00D53F90 /* UIKit.framework */,
				86B75C5E2059519900D53F90 /* SystemConfiguration.framework */,
				86B75C5C2059518F00D53F90 /* QuartzCore.framework */,
				86B75C5A2059518900D53F90 /* OpenGLES.framework */,
				86B75C582059517F00D53F90 /* libz.tbd */,
				86B75C562059517400D53F90 /* libc++.tbd */,
				86B75C542059516100D53F90 /* ImageIO.framework */,
				86B75C522059515B00D53F90 /* GLKit.framework */,
				86B75C502059514E00D53F90 /* CoreText.framework */,
				86B75C4E2059514900D53F90 /* CoreTelephony.framework */,
				86B75C4C2059513E00D53F90 /* CoreLocation.framework */,
				86B75C4A2059513500D53F90 /* CoreImage.framework */,
				86B75C482059512A00D53F90 /* CoreGraphics.framework */,
				86B75C462059512300D53F90 /* CoreData.framework */,
				86B75C442059511700D53F90 /* Accelerate.framework */,
				E5C3FFBBA9A114229E56F47A /* Pods_MyTrips.framework */,
			);
			name = Frameworks;
			sourceTree = "<group>";
		};
/* End PBXGroup section */

/* Begin PBXNativeTarget section */
		86A8959D2019917D00CE3926 /* MyTrips */ = {
			isa = PBXNativeTarget;
			buildConfigurationList = 86A895B02019917D00CE3926 /* Build configuration list for PBXNativeTarget "MyTrips" */;
			buildPhases = (
				D13B7BFCF694F97C890BD4F2 /* [CP] Check Pods Manifest.lock */,
				86A8959A2019917D00CE3926 /* Sources */,
				86A8959B2019917D00CE3926 /* Frameworks */,
				86A8959C2019917D00CE3926 /* Resources */,
				55194F647C154365272D73BE /* [CP] Copy Pods Resources */,
				DA91C39055A89A5AB366111C /* [CP] Embed Pods Frameworks */,
			);
			buildRules = (
			);
			dependencies = (
			);
			name = MyTrips;
			productName = JustGoWithIt;
			productReference = 86A8959E2019917D00CE3926 /* MyTrips.app */;
			productType = "com.apple.product-type.application";
		};
/* End PBXNativeTarget section */

/* Begin PBXProject section */
		86A895962019917D00CE3926 /* Project object */ = {
			isa = PBXProject;
			attributes = {
				LastSwiftUpdateCheck = 0920;
				LastUpgradeCheck = 0920;
				ORGANIZATIONNAME = "Joseph, Ethan";
				TargetAttributes = {
					86A8959D2019917D00CE3926 = {
						CreatedOnToolsVersion = 9.2;
						ProvisioningStyle = Automatic;
						SystemCapabilities = {
							com.apple.Push = {
								enabled = 1;
							};
						};
					};
				};
			};
			buildConfigurationList = 86A895992019917D00CE3926 /* Build configuration list for PBXProject "MyTrips" */;
			compatibilityVersion = "Xcode 8.0";
			developmentRegion = en;
			hasScannedForEncodings = 0;
			knownRegions = (
				en,
				Base,
			);
			mainGroup = 86A895952019917D00CE3926;
			productRefGroup = 86A8959F2019917D00CE3926 /* Products */;
			projectDirPath = "";
			projectRoot = "";
			targets = (
				86A8959D2019917D00CE3926 /* MyTrips */,
			);
		};
/* End PBXProject section */

/* Begin PBXResourcesBuildPhase section */
		86A8959C2019917D00CE3926 /* Resources */ = {
			isa = PBXResourcesBuildPhase;
			buildActionMask = 2147483647;
			files = (
				86A895AC2019917D00CE3926 /* LaunchScreen.storyboard in Resources */,
				52CF5BD822B85706004A7B30 /* GoogleService-Info.plist in Resources */,
				86A895A92019917D00CE3926 /* Assets.xcassets in Resources */,
				862FBB4020C80FA20078D689 /* MyTrip.storyboard in Resources */,
				5262DFA221FE74BF00A2E918 /* DrawerHeaderView.xib in Resources */,
				86B7EB15208F8BF100B2B2A2 /* PhotoCollectionViewCell.xib in Resources */,
				86CA2C0620199A6500A0D770 /* ListTableViewCell.xib in Resources */,
				52FDB33721F148DF00FB6153 /* PlaceListTableViewCell.xib in Resources */,
				52FDB33321F143F600FB6153 /* PlaceTableHeaderView.xib in Resources */,
			);
			runOnlyForDeploymentPostprocessing = 0;
		};
/* End PBXResourcesBuildPhase section */

/* Begin PBXShellScriptBuildPhase section */
		55194F647C154365272D73BE /* [CP] Copy Pods Resources */ = {
			isa = PBXShellScriptBuildPhase;
			buildActionMask = 2147483647;
			files = (
			);
			inputPaths = (
				"${SRCROOT}/Pods/Target Support Files/Pods-MyTrips/Pods-MyTrips-resources.sh",
				"${PODS_CONFIGURATION_BUILD_DIR}/FirebaseUI/FirebaseAuthUI.bundle",
				"${PODS_CONFIGURATION_BUILD_DIR}/FirebaseUI/FirebaseEmailAuthUI.bundle",
				"${PODS_CONFIGURATION_BUILD_DIR}/FirebaseUI/FirebasePhoneAuthUI.bundle",
				"${PODS_ROOT}/GoogleMaps/Maps/Frameworks/GoogleMaps.framework/Resources/GoogleMaps.bundle",
				"${PODS_ROOT}/GooglePlaces/Frameworks/GooglePlaces.framework/Resources/GooglePlaces.bundle",
			);
			name = "[CP] Copy Pods Resources";
			outputPaths = (
				"${TARGET_BUILD_DIR}/${UNLOCALIZED_RESOURCES_FOLDER_PATH}/FirebaseAuthUI.bundle",
				"${TARGET_BUILD_DIR}/${UNLOCALIZED_RESOURCES_FOLDER_PATH}/FirebaseEmailAuthUI.bundle",
				"${TARGET_BUILD_DIR}/${UNLOCALIZED_RESOURCES_FOLDER_PATH}/FirebasePhoneAuthUI.bundle",
				"${TARGET_BUILD_DIR}/${UNLOCALIZED_RESOURCES_FOLDER_PATH}/GoogleMaps.bundle",
				"${TARGET_BUILD_DIR}/${UNLOCALIZED_RESOURCES_FOLDER_PATH}/GooglePlaces.bundle",
			);
			runOnlyForDeploymentPostprocessing = 0;
			shellPath = /bin/sh;
			shellScript = "\"${SRCROOT}/Pods/Target Support Files/Pods-MyTrips/Pods-MyTrips-resources.sh\"\n";
			showEnvVarsInLog = 0;
		};
		D13B7BFCF694F97C890BD4F2 /* [CP] Check Pods Manifest.lock */ = {
			isa = PBXShellScriptBuildPhase;
			buildActionMask = 2147483647;
			files = (
			);
			inputPaths = (
				"${PODS_PODFILE_DIR_PATH}/Podfile.lock",
				"${PODS_ROOT}/Manifest.lock",
			);
			name = "[CP] Check Pods Manifest.lock";
			outputPaths = (
				"$(DERIVED_FILE_DIR)/Pods-MyTrips-checkManifestLockResult.txt",
			);
			runOnlyForDeploymentPostprocessing = 0;
			shellPath = /bin/sh;
			shellScript = "diff \"${PODS_PODFILE_DIR_PATH}/Podfile.lock\" \"${PODS_ROOT}/Manifest.lock\" > /dev/null\nif [ $? != 0 ] ; then\n    # print error to STDERR\n    echo \"error: The sandbox is not in sync with the Podfile.lock. Run 'pod install' or update your CocoaPods installation.\" >&2\n    exit 1\nfi\n# This output is used by Xcode 'outputs' to avoid re-running this script phase.\necho \"SUCCESS\" > \"${SCRIPT_OUTPUT_FILE_0}\"\n";
			showEnvVarsInLog = 0;
		};
		DA91C39055A89A5AB366111C /* [CP] Embed Pods Frameworks */ = {
			isa = PBXShellScriptBuildPhase;
			buildActionMask = 2147483647;
			files = (
			);
			inputPaths = (
				"${SRCROOT}/Pods/Target Support Files/Pods-MyTrips/Pods-MyTrips-frameworks.sh",
				"${BUILT_PRODUCTS_DIR}/BoringSSL-GRPC/openssl_grpc.framework",
				"${BUILT_PRODUCTS_DIR}/GTMSessionFetcher/GTMSessionFetcher.framework",
				"${BUILT_PRODUCTS_DIR}/GoogleUtilities/GoogleUtilities.framework",
				"${BUILT_PRODUCTS_DIR}/Protobuf/Protobuf.framework",
				"${BUILT_PRODUCTS_DIR}/Realm/Realm.framework",
				"${BUILT_PRODUCTS_DIR}/RealmSwift/RealmSwift.framework",
				"${BUILT_PRODUCTS_DIR}/gRPC-C++/grpcpp.framework",
				"${BUILT_PRODUCTS_DIR}/gRPC-Core/grpc.framework",
				"${BUILT_PRODUCTS_DIR}/leveldb-library/leveldb.framework",
				"${BUILT_PRODUCTS_DIR}/nanopb/nanopb.framework",
			);
			name = "[CP] Embed Pods Frameworks";
			outputPaths = (
				"${TARGET_BUILD_DIR}/${FRAMEWORKS_FOLDER_PATH}/openssl_grpc.framework",
				"${TARGET_BUILD_DIR}/${FRAMEWORKS_FOLDER_PATH}/GTMSessionFetcher.framework",
				"${TARGET_BUILD_DIR}/${FRAMEWORKS_FOLDER_PATH}/GoogleUtilities.framework",
				"${TARGET_BUILD_DIR}/${FRAMEWORKS_FOLDER_PATH}/Protobuf.framework",
				"${TARGET_BUILD_DIR}/${FRAMEWORKS_FOLDER_PATH}/Realm.framework",
				"${TARGET_BUILD_DIR}/${FRAMEWORKS_FOLDER_PATH}/RealmSwift.framework",
				"${TARGET_BUILD_DIR}/${FRAMEWORKS_FOLDER_PATH}/grpcpp.framework",
				"${TARGET_BUILD_DIR}/${FRAMEWORKS_FOLDER_PATH}/grpc.framework",
				"${TARGET_BUILD_DIR}/${FRAMEWORKS_FOLDER_PATH}/leveldb.framework",
				"${TARGET_BUILD_DIR}/${FRAMEWORKS_FOLDER_PATH}/nanopb.framework",
			);
			runOnlyForDeploymentPostprocessing = 0;
			shellPath = /bin/sh;
			shellScript = "\"${SRCROOT}/Pods/Target Support Files/Pods-MyTrips/Pods-MyTrips-frameworks.sh\"\n";
			showEnvVarsInLog = 0;
		};
/* End PBXShellScriptBuildPhase section */

/* Begin PBXSourcesBuildPhase section */
		86A8959A2019917D00CE3926 /* Sources */ = {
			isa = PBXSourcesBuildPhase;
			buildActionMask = 2147483647;
			files = (
				52FDB33921F63C1B00FB6153 /* PlaceTableHeaderView.swift in Sources */,
				86B5A8D920C95F5C00B24F43 /* RealmManager.swift in Sources */,
				863E26E7207FFDBD00029FF4 /* LocationManager.swift in Sources */,
				864F67E2207EACD500B6554B /* Models.swift in Sources */,
				86B5A8DB20CAB36C00B24F43 /* GoogleResourceManager.swift in Sources */,
				86CA2C0520199A6500A0D770 /* ListTableViewCell.swift in Sources */,
				5262DFA421FE9BA400A2E918 /* DrawerHeaderView.swift in Sources */,
				52C4E9482278C9F3006E83F2 /* PlaceTableViewController.swift in Sources */,
				52E5F61D213626E700672DE2 /* Mock.swift in Sources */,
				863E26E5207FA1C000029FF4 /* GooglePhotoManager.swift in Sources */,
				86B7EB14208F8BF100B2B2A2 /* PhotoCollectionViewCell.swift in Sources */,
				52C1923021EBC2B4004F073A /* MainViewController.swift in Sources */,
				52D79B3B2278EFD9007E8DDE /* PlaceDetailsViewController.swift in Sources */,
				5262DFA021F6731400A2E918 /* DrawerViewController.swift in Sources */,
				52137A292114CA12008F3052 /* ApiKeys.swift in Sources */,
				86A895A22019917D00CE3926 /* AppDelegate.swift in Sources */,
				525011332137684700A40DAB /* AboutAppViewController.swift in Sources */,
				8629CC8520D3EDB600ED49E1 /* Extensions.swift in Sources */,
				52FDB33621F148DF00FB6153 /* PlaceListTableViewCell.swift in Sources */,
			);
			runOnlyForDeploymentPostprocessing = 0;
		};
/* End PBXSourcesBuildPhase section */

/* Begin PBXVariantGroup section */
		86A895AA2019917D00CE3926 /* LaunchScreen.storyboard */ = {
			isa = PBXVariantGroup;
			children = (
				86A895AB2019917D00CE3926 /* Base */,
			);
			name = LaunchScreen.storyboard;
			sourceTree = "<group>";
		};
/* End PBXVariantGroup section */

/* Begin XCBuildConfiguration section */
		86A895AE2019917D00CE3926 /* Debug */ = {
			isa = XCBuildConfiguration;
			buildSettings = {
				ALWAYS_SEARCH_USER_PATHS = NO;
				CLANG_ANALYZER_NONNULL = YES;
				CLANG_ANALYZER_NUMBER_OBJECT_CONVERSION = YES_AGGRESSIVE;
				CLANG_CXX_LANGUAGE_STANDARD = "gnu++14";
				CLANG_CXX_LIBRARY = "libc++";
				CLANG_ENABLE_MODULES = YES;
				CLANG_ENABLE_OBJC_ARC = YES;
				CLANG_WARN_BLOCK_CAPTURE_AUTORELEASING = YES;
				CLANG_WARN_BOOL_CONVERSION = YES;
				CLANG_WARN_COMMA = YES;
				CLANG_WARN_CONSTANT_CONVERSION = YES;
				CLANG_WARN_DIRECT_OBJC_ISA_USAGE = YES_ERROR;
				CLANG_WARN_DOCUMENTATION_COMMENTS = YES;
				CLANG_WARN_EMPTY_BODY = YES;
				CLANG_WARN_ENUM_CONVERSION = YES;
				CLANG_WARN_INFINITE_RECURSION = YES;
				CLANG_WARN_INT_CONVERSION = YES;
				CLANG_WARN_NON_LITERAL_NULL_CONVERSION = YES;
				CLANG_WARN_OBJC_LITERAL_CONVERSION = YES;
				CLANG_WARN_OBJC_ROOT_CLASS = YES_ERROR;
				CLANG_WARN_RANGE_LOOP_ANALYSIS = YES;
				CLANG_WARN_STRICT_PROTOTYPES = YES;
				CLANG_WARN_SUSPICIOUS_MOVE = YES;
				CLANG_WARN_UNGUARDED_AVAILABILITY = YES_AGGRESSIVE;
				CLANG_WARN_UNREACHABLE_CODE = YES;
				CLANG_WARN__DUPLICATE_METHOD_MATCH = YES;
				CODE_SIGN_IDENTITY = "iPhone Developer";
				COPY_PHASE_STRIP = NO;
				DEBUG_INFORMATION_FORMAT = dwarf;
				ENABLE_STRICT_OBJC_MSGSEND = YES;
				ENABLE_TESTABILITY = YES;
				GCC_C_LANGUAGE_STANDARD = gnu11;
				GCC_DYNAMIC_NO_PIC = NO;
				GCC_NO_COMMON_BLOCKS = YES;
				GCC_OPTIMIZATION_LEVEL = 0;
				GCC_PREPROCESSOR_DEFINITIONS = (
					"DEBUG=1",
					"$(inherited)",
				);
				GCC_WARN_64_TO_32_BIT_CONVERSION = YES;
				GCC_WARN_ABOUT_RETURN_TYPE = YES_ERROR;
				GCC_WARN_UNDECLARED_SELECTOR = YES;
				GCC_WARN_UNINITIALIZED_AUTOS = YES_AGGRESSIVE;
				GCC_WARN_UNUSED_FUNCTION = YES;
				GCC_WARN_UNUSED_VARIABLE = YES;
				IPHONEOS_DEPLOYMENT_TARGET = 11.0;
				MTL_ENABLE_DEBUG_INFO = YES;
				ONLY_ACTIVE_ARCH = NO;
				OTHER_LDFLAGS = "-ObjC";
				SDKROOT = iphoneos;
				SWIFT_ACTIVE_COMPILATION_CONDITIONS = DEBUG;
				SWIFT_OPTIMIZATION_LEVEL = "-Onone";
			};
			name = Debug;
		};
		86A895AF2019917D00CE3926 /* Release */ = {
			isa = XCBuildConfiguration;
			buildSettings = {
				ALWAYS_SEARCH_USER_PATHS = NO;
				CLANG_ANALYZER_NONNULL = YES;
				CLANG_ANALYZER_NUMBER_OBJECT_CONVERSION = YES_AGGRESSIVE;
				CLANG_CXX_LANGUAGE_STANDARD = "gnu++14";
				CLANG_CXX_LIBRARY = "libc++";
				CLANG_ENABLE_MODULES = YES;
				CLANG_ENABLE_OBJC_ARC = YES;
				CLANG_WARN_BLOCK_CAPTURE_AUTORELEASING = YES;
				CLANG_WARN_BOOL_CONVERSION = YES;
				CLANG_WARN_COMMA = YES;
				CLANG_WARN_CONSTANT_CONVERSION = YES;
				CLANG_WARN_DIRECT_OBJC_ISA_USAGE = YES_ERROR;
				CLANG_WARN_DOCUMENTATION_COMMENTS = YES;
				CLANG_WARN_EMPTY_BODY = YES;
				CLANG_WARN_ENUM_CONVERSION = YES;
				CLANG_WARN_INFINITE_RECURSION = YES;
				CLANG_WARN_INT_CONVERSION = YES;
				CLANG_WARN_NON_LITERAL_NULL_CONVERSION = YES;
				CLANG_WARN_OBJC_LITERAL_CONVERSION = YES;
				CLANG_WARN_OBJC_ROOT_CLASS = YES_ERROR;
				CLANG_WARN_RANGE_LOOP_ANALYSIS = YES;
				CLANG_WARN_STRICT_PROTOTYPES = YES;
				CLANG_WARN_SUSPICIOUS_MOVE = YES;
				CLANG_WARN_UNGUARDED_AVAILABILITY = YES_AGGRESSIVE;
				CLANG_WARN_UNREACHABLE_CODE = YES;
				CLANG_WARN__DUPLICATE_METHOD_MATCH = YES;
				CODE_SIGN_IDENTITY = "iPhone Developer";
				COPY_PHASE_STRIP = NO;
				DEBUG_INFORMATION_FORMAT = "dwarf-with-dsym";
				ENABLE_NS_ASSERTIONS = NO;
				ENABLE_STRICT_OBJC_MSGSEND = YES;
				GCC_C_LANGUAGE_STANDARD = gnu11;
				GCC_NO_COMMON_BLOCKS = YES;
				GCC_WARN_64_TO_32_BIT_CONVERSION = YES;
				GCC_WARN_ABOUT_RETURN_TYPE = YES_ERROR;
				GCC_WARN_UNDECLARED_SELECTOR = YES;
				GCC_WARN_UNINITIALIZED_AUTOS = YES_AGGRESSIVE;
				GCC_WARN_UNUSED_FUNCTION = YES;
				GCC_WARN_UNUSED_VARIABLE = YES;
				IPHONEOS_DEPLOYMENT_TARGET = 11.0;
				MTL_ENABLE_DEBUG_INFO = NO;
				OTHER_LDFLAGS = "-ObjC";
				SDKROOT = iphoneos;
				SWIFT_OPTIMIZATION_LEVEL = "-Owholemodule";
				VALIDATE_PRODUCT = YES;
			};
			name = Release;
		};
		86A895B12019917D00CE3926 /* Debug */ = {
			isa = XCBuildConfiguration;
			baseConfigurationReference = 7769DFD202A8607815CAFBCD /* Pods-MyTrips.debug.xcconfig */;
			buildSettings = {
				ASSETCATALOG_COMPILER_APPICON_NAME = AppIcon;
				CODE_SIGN_ENTITLEMENTS = MyTrips/MyTrips.entitlements;
				CODE_SIGN_STYLE = Automatic;
				DEVELOPMENT_TEAM = R95E8A2PP3;
				FRAMEWORK_SEARCH_PATHS = (
					"$(inherited)",
					"$(PROJECT_DIR)/JustGoWithIt",
				);
				INFOPLIST_FILE = "$(SRCROOT)/MyTrips/Info.plist";
				LD_RUNPATH_SEARCH_PATHS = "$(inherited) @executable_path/Frameworks";
				PRODUCT_BUNDLE_IDENTIFIER = com.erjDev.MyTrips;
				PRODUCT_NAME = "$(TARGET_NAME)";
				SWIFT_VERSION = 4.0;
				TARGETED_DEVICE_FAMILY = "1,2";
			};
			name = Debug;
		};
		86A895B22019917D00CE3926 /* Release */ = {
			isa = XCBuildConfiguration;
			baseConfigurationReference = 7B015411419C5B7B261BECB1 /* Pods-MyTrips.release.xcconfig */;
			buildSettings = {
				ASSETCATALOG_COMPILER_APPICON_NAME = AppIcon;
				CODE_SIGN_ENTITLEMENTS = MyTrips/MyTrips.entitlements;
				CODE_SIGN_STYLE = Automatic;
				DEVELOPMENT_TEAM = R95E8A2PP3;
				FRAMEWORK_SEARCH_PATHS = (
					"$(inherited)",
					"$(PROJECT_DIR)/JustGoWithIt",
				);
				INFOPLIST_FILE = "$(SRCROOT)/MyTrips/Info.plist";
				LD_RUNPATH_SEARCH_PATHS = "$(inherited) @executable_path/Frameworks";
				PRODUCT_BUNDLE_IDENTIFIER = com.erjDev.MyTrips;
				PRODUCT_NAME = "$(TARGET_NAME)";
				SWIFT_VERSION = 4.0;
				TARGETED_DEVICE_FAMILY = "1,2";
			};
			name = Release;
		};
/* End XCBuildConfiguration section */

/* Begin XCConfigurationList section */
		86A895992019917D00CE3926 /* Build configuration list for PBXProject "MyTrips" */ = {
			isa = XCConfigurationList;
			buildConfigurations = (
				86A895AE2019917D00CE3926 /* Debug */,
				86A895AF2019917D00CE3926 /* Release */,
			);
			defaultConfigurationIsVisible = 0;
			defaultConfigurationName = Release;
		};
		86A895B02019917D00CE3926 /* Build configuration list for PBXNativeTarget "MyTrips" */ = {
			isa = XCConfigurationList;
			buildConfigurations = (
				86A895B12019917D00CE3926 /* Debug */,
				86A895B22019917D00CE3926 /* Release */,
			);
			defaultConfigurationIsVisible = 0;
			defaultConfigurationName = Release;
		};
/* End XCConfigurationList section */
	};
	rootObject = 86A895962019917D00CE3926 /* Project object */;
}
